
Microsoft Visual Studio Solution File, Format Version 12.00
# Visual Studio Version 17
VisualStudioVersion = 17.9.34407.89
MinimumVisualStudioVersion = 10.0.40219.1
Project("{FAE04EC0-301F-11D3-BF4B-00C04F79EFBC}") = "WeekSevenPratic", "WeekSevenPratic\WeekSevenPratic.csproj", "{F36094AE-E010-431D-A09B-9F026EF6B6C9}"
EndProject
Global
	GlobalSection(SolutionConfigurationPlatforms) = preSolution
		Debug|Any CPU = Debug|Any CPU
		Release|Any CPU = Release|Any CPU
	EndGlobalSection
	GlobalSection(ProjectConfigurationPlatforms) = postSolution
		{F36094AE-E010-431D-A09B-9F026EF6B6C9}.Debug|Any CPU.ActiveCfg = Debug|Any CPU
		{F36094AE-E010-431D-A09B-9F026EF6B6C9}.Debug|Any CPU.Build.0 = Debug|Any CPU
		{F36094AE-E010-431D-A09B-9F026EF6B6C9}.Release|Any CPU.ActiveCfg = Release|Any CPU
		{F36094AE-E010-431D-A09B-9F026EF6B6C9}.Release|Any CPU.Build.0 = Release|Any CPU
	EndGlobalSection
	GlobalSection(SolutionProperties) = preSolution
		HideSolutionNode = FALSE
	EndGlobalSection
	GlobalSection(ExtensibilityGlobals) = postSolution
		SolutionGuid = {E895D0DA-56CF-409D-8CA9-31727C2C2C13}
	EndGlobalSection
EndGlobal
